
Microsoft Visual Studio Solution File, Format Version 12.00
# Visual Studio Version 17
VisualStudioVersion = 17.0.31903.59
MinimumVisualStudioVersion = 10.0.40219.1
Project("{FAE04EC0-301F-11D3-BF4B-00C04F79EFBC}") = "IsLabApp", "IsLabApp.csproj", "{649BC28E-1A3A-47FD-9DC1-DD2D153EBF13}"
EndProject
Project("{FAE04EC0-301F-11D3-BF4B-00C04F79EFBC}") = "IsLabApp.Tests", "IsLabApp.Tests\IsLabApp.Tests.csproj", "{91A09318-2AF8-4387-8702-1924BAF56EBE}"
EndProject
Global
	GlobalSection(SolutionConfigurationPlatforms) = preSolution
		Debug|Any CPU = Debug|Any CPU
		Release|Any CPU = Release|Any CPU
	EndGlobalSection
	GlobalSection(SolutionProperties) = preSolution
		HideSolutionNode = FALSE
	EndGlobalSection
	GlobalSection(ProjectConfigurationPlatforms) = postSolution
		{649BC28E-1A3A-47FD-9DC1-DD2D153EBF13}.Debug|Any CPU.ActiveCfg = Debug|Any CPU
		{649BC28E-1A3A-47FD-9DC1-DD2D153EBF13}.Debug|Any CPU.Build.0 = Debug|Any CPU
		{649BC28E-1A3A-47FD-9DC1-DD2D153EBF13}.Release|Any CPU.ActiveCfg = Release|Any CPU
		{649BC28E-1A3A-47FD-9DC1-DD2D153EBF13}.Release|Any CPU.Build.0 = Release|Any CPU
		{91A09318-2AF8-4387-8702-1924BAF56EBE}.Debug|Any CPU.ActiveCfg = Debug|Any CPU
		{91A09318-2AF8-4387-8702-1924BAF56EBE}.Debug|Any CPU.Build.0 = Debug|Any CPU
		{91A09318-2AF8-4387-8702-1924BAF56EBE}.Release|Any CPU.ActiveCfg = Release|Any CPU
		{91A09318-2AF8-4387-8702-1924BAF56EBE}.Release|Any CPU.Build.0 = Release|Any CPU
	EndGlobalSection
EndGlobal
